<?xml version="1.0" encoding="utf-8"?>
<Project ToolsVersion="4.0" xmlns="http://schemas.microsoft.com/developer/msbuild/2003">
  <ItemGroup>
    <Filter Include="Source Files">
      <UniqueIdentifier>{4FC737F1-C7A5-4376-A066-2A32D752A2FF}</UniqueIdentifier>
      <Extensions>cpp;c;cc;cxx;def;odl;idl;hpj;bat;asm;asmx</Extensions>
    </Filter>
    <Filter Include="Header Files">
      <UniqueIdentifier>{93995380-89BD-4b04-88EB-625FBE52EBFB}</UniqueIdentifier>
      <Extensions>h;hh;hpp;hxx;hm;inl;inc;xsd</Extensions>
    </Filter>
    <Filter Include="Resource Files">
      <UniqueIdentifier>{67DA6AB6-F800-4c08-8B7A-83BB121AAD01}</UniqueIdentifier>
      <Extensions>qrc;rc;ico;cur;bmp;dlg;rc2;rct;bin;rgs;gif;jpg;jpeg;jpe;resx;tiff;tif;png;wav;mfcribbon-ms</Extensions>
    </Filter>
    <Filter Include="Form Files">
      <UniqueIdentifier>{99349809-55BA-4b9d-BF79-8FDBB0286EB3}</UniqueIdentifier>
      <Extensions>ui</Extensions>
    </Filter>
    <Filter Include="Translation Files">
      <UniqueIdentifier>{639EADAA-A684-42e4-A9AD-28FC9BCB8F7C}</UniqueIdentifier>
      <Extensions>ts</Extensions>
    </Filter>
  </ItemGroup>
  <ItemGroup>
    <QtRcc Include="FactoryAutoTest.qrc">
      <Filter>Resource Files</Filter>
    </QtRcc>
    <QtUic Include="FactoryAutoTest.ui">
      <Filter>Form Files</Filter>
    </QtUic>
    <QtMoc Include="FactoryAutoTest.h">
      <Filter>Header Files</Filter>
    </QtMoc>
    <ClCompile Include="FactoryAutoTest.cpp">
      <Filter>Source Files</Filter>
    </ClCompile>
    <ResourceCompile Include="FactoryAutoTest.rc">
      <Filter>Resource Files</Filter>
    </ResourceCompile>
  </ItemGroup>
  <ItemGroup>
    <ClCompile Include="main.cpp">
      <Filter>Source Files</Filter>
    </ClCompile>
    <ClCompile Include="LoginDlg.cpp">
      <Filter>Source Files</Filter>
    </ClCompile>
    <ClCompile Include="TestCase.cpp">
      <Filter>Source Files</Filter>
    </ClCompile>
    <ClCompile Include="DeviceBase.cpp">
      <Filter>Source Files</Filter>
    </ClCompile>
    <ClCompile Include="GlobalSettings.cpp">
      <Filter>Source Files</Filter>
    </ClCompile>
    <ClCompile Include="CWinLock.cpp">
      <Filter>Source Files</Filter>
    </ClCompile>
    <ClCompile Include="AutoTestView.cpp">
      <Filter>Source Files</Filter>
    </ClCompile>
    <ClCompile Include="CaseItemBase.cpp">
      <Filter>Source Files</Filter>
    </ClCompile>
    <ClCompile Include="TextEditDelegate.cpp">
      <Filter>Source Files</Filter>
    </ClCompile>
    <ClCompile Include="AutoTestCaseitemView.cpp">
      <Filter>Source Files</Filter>
    </ClCompile>
    <ClCompile Include="VisaDriver.cpp">
      <Filter>Source Files</Filter>
    </ClCompile>
    <ClCompile Include="UI\SliderButton.cpp">
      <Filter>Source Files</Filter>
    </ClCompile>
    <ClCompile Include="workController.cpp">
      <Filter>Source Files</Filter>
    </ClCompile>
    <ClCompile Include="WorkThread.cpp">
      <Filter>Source Files</Filter>
    </ClCompile>
    <ClCompile Include="TestCaseBGServer.cpp">
      <Filter>Source Files</Filter>
    </ClCompile>
    <ClCompile Include="UI\QCountDownDialog.cpp">
      <Filter>Source Files</Filter>
    </ClCompile>
    <ClCompile Include="GlobalConfig.cpp">
      <Filter>Source Files</Filter>
    </ClCompile>
    <ClCompile Include="UI\QMultInputLineDialog.cpp">
      <Filter>Source Files</Filter>
    </ClCompile>
    <ClCompile Include="QDeviceDriverRunDialog.cpp">
      <Filter>Source Files</Filter>
    </ClCompile>
    <ClCompile Include="QGlobalSettingsDialog.cpp">
      <Filter>Source Files</Filter>
    </ClCompile>
    <ClCompile Include="Utility.cpp">
      <Filter>Source Files</Filter>
    </ClCompile>
    <ClCompile Include="TestCaseResultSave.cpp">
      <Filter>Source Files</Filter>
    </ClCompile>
    <ClCompile Include="NIDeviceDriverBase.cpp">
      <Filter>Source Files</Filter>
    </ClCompile>
    <ClCompile Include="VictorDMMIDriver.cpp">
      <Filter>Source Files</Filter>
    </ClCompile>
  </ItemGroup>
  <ItemGroup>
    <QtMoc Include="LoginDlg.h">
      <Filter>Header Files</Filter>
    </QtMoc>
    <QtMoc Include="TextEditDelegate.h">
      <Filter>Header Files</Filter>
    </QtMoc>
    <QtMoc Include="AutoTestView.h">
      <Filter>Header Files</Filter>
    </QtMoc>
    <QtMoc Include="TestCase.h">
      <Filter>Header Files</Filter>
    </QtMoc>
    <QtMoc Include="UI\SliderButton.h">
      <Filter>Header Files</Filter>
    </QtMoc>
    <QtMoc Include="workController.h">
      <Filter>Header Files</Filter>
    </QtMoc>
    <QtMoc Include="WorkThread.h">
      <Filter>Header Files</Filter>
    </QtMoc>
    <QtMoc Include="DeviceBase.h">
      <Filter>Header Files</Filter>
    </QtMoc>
    <QtMoc Include="TestCaseBGServer.h">
      <Filter>Header Files</Filter>
    </QtMoc>
    <QtMoc Include="CaseItemBase.h">
      <Filter>Header Files</Filter>
    </QtMoc>
    <QtMoc Include="QDeviceDriverRunDialog.h">
      <Filter>Header Files</Filter>
    </QtMoc>
  </ItemGroup>
  <ItemGroup>
    <QtUic Include="LoginDlg.ui">
      <Filter>Form Files</Filter>
    </QtUic>
    <QtUic Include="AutoTestView.ui">
      <Filter>Form Files</Filter>
    </QtUic>
  </ItemGroup>
  <ItemGroup>
    <ClInclude Include="ui_GlobalStr.h">
      <Filter>Header Files</Filter>
    </ClInclude>
    <ClInclude Include="GlobalSettings.h">
      <Filter>Header Files</Filter>
    </ClInclude>
    <ClInclude Include="CWinLock.h">
      <Filter>Header Files</Filter>
    </ClInclude>
    <ClInclude Include="AutoTestCaseitemView.h">
      <Filter>Header Files</Filter>
    </ClInclude>
    <ClInclude Include="UI_style.h">
      <Filter>Header Files</Filter>
    </ClInclude>
    <ClInclude Include="MessagePacket.h">
      <Filter>Header Files</Filter>
    </ClInclude>
    <ClInclude Include="VisaDriver.h">
      <Filter>Header Files</Filter>
    </ClInclude>
    <ClInclude Include="Sound.h">
      <Filter>Header Files</Filter>
    </ClInclude>
    <ClInclude Include="UI\QCountDownDialog.h">
      <Filter>Header Files</Filter>
    </ClInclude>
    <ClInclude Include="GlobalConfig.h">
      <Filter>Header Files</Filter>
    </ClInclude>
    <ClInclude Include="UI\QMultInputLineDialog.h">
      <Filter>Header Files</Filter>
    </ClInclude>
    <ClInclude Include="VisaDriver_ioctrl.h">
      <Filter>Header Files</Filter>
    </ClInclude>
    <ClInclude Include="resource.h">
      <Filter>Header Files</Filter>
    </ClInclude>
    <ClInclude Include="QGlobalSettingsDialog.h">
      <Filter>Header Files</Filter>
    </ClInclude>
    <ClInclude Include="Utility.h">
      <Filter>Header Files</Filter>
    </ClInclude>
    <ClInclude Include="TestCaseResultSave.h">
      <Filter>Header Files</Filter>
    </ClInclude>
    <ClInclude Include="NIDeviceDriverBase.h">
      <Filter>Header Files</Filter>
    </ClInclude>
    <ClInclude Include="VictorDMMIDriver.h">
      <Filter>Header Files</Filter>
    </ClInclude>
  </ItemGroup>
  <ItemGroup>
    <None Include="cpp.hint" />
  </ItemGroup>
  <ItemGroup>
    <Image Include="res\image\machine.ico">
      <Filter>Resource Files</Filter>
    </Image>
  </ItemGroup>
</Project>